
Microsoft Visual Studio Solution File, Format Version 12.00
# Visual Studio Version 17
VisualStudioVersion = 17.0.31903.59
MinimumVisualStudioVersion = 10.0.40219.1
Project("{2150E333-8FDC-42A3-9474-1A3956D46DE8}") = "Services", "Services", "{AEF2D54F-2F34-43E3-A389-19603ED8741A}"
EndProject
Project("{2150E333-8FDC-42A3-9474-1A3956D46DE8}") = "Catalog", "Catalog", "{ED1CBBD9-68A5-4CE7-AF9A-BAB853CBBA45}"
EndProject
Project("{FAE04EC0-301F-11D3-BF4B-00C04F79EFBC}") = "Catalog.API", "Services\Catalog\Catalog.API.csproj", "{90418D5A-30AC-4E6D-BF90-C21364DDA263}"
EndProject
Project("{2150E333-8FDC-42A3-9474-1A3956D46DE8}") = "BuildingBlocks", "BuildingBlocks", "{8C046D2E-3449-4620-A292-701380C91329}"
EndProject
Project("{FAE04EC0-301F-11D3-BF4B-00C04F79EFBC}") = "BuildingBlocks", "BuildingBlocks\BuildingBlocks.csproj", "{CF15D23A-849B-4151-94C3-677BA1AD3179}"
EndProject
Project("{2150E333-8FDC-42A3-9474-1A3956D46DE8}") = "Solution Items", "Solution Items", "{D559581D-8D37-41F4-A0F8-4026AB379E19}"
EndProject
Project("{E53339B2-1760-4266-BCC7-CA923CBCF16C}") = "docker-compose", "docker-compose.dcproj", "{C1BC8712-C43D-4AE4-9E3E-D16480A87339}"
EndProject
Global
	GlobalSection(SolutionConfigurationPlatforms) = preSolution
		Debug|Any CPU = Debug|Any CPU
		Release|Any CPU = Release|Any CPU
	EndGlobalSection
	GlobalSection(ProjectConfigurationPlatforms) = postSolution
		{90418D5A-30AC-4E6D-BF90-C21364DDA263}.Debug|Any CPU.ActiveCfg = Debug|Any CPU
		{90418D5A-30AC-4E6D-BF90-C21364DDA263}.Debug|Any CPU.Build.0 = Debug|Any CPU
		{90418D5A-30AC-4E6D-BF90-C21364DDA263}.Release|Any CPU.ActiveCfg = Release|Any CPU
		{90418D5A-30AC-4E6D-BF90-C21364DDA263}.Release|Any CPU.Build.0 = Release|Any CPU
		{CF15D23A-849B-4151-94C3-677BA1AD3179}.Debug|Any CPU.ActiveCfg = Debug|Any CPU
		{CF15D23A-849B-4151-94C3-677BA1AD3179}.Debug|Any CPU.Build.0 = Debug|Any CPU
		{CF15D23A-849B-4151-94C3-677BA1AD3179}.Release|Any CPU.ActiveCfg = Release|Any CPU
		{CF15D23A-849B-4151-94C3-677BA1AD3179}.Release|Any CPU.Build.0 = Release|Any CPU
		{C1BC8712-C43D-4AE4-9E3E-D16480A87339}.Debug|Any CPU.ActiveCfg = Debug|Any CPU
		{C1BC8712-C43D-4AE4-9E3E-D16480A87339}.Debug|Any CPU.Build.0 = Debug|Any CPU
		{C1BC8712-C43D-4AE4-9E3E-D16480A87339}.Release|Any CPU.ActiveCfg = Release|Any CPU
		{C1BC8712-C43D-4AE4-9E3E-D16480A87339}.Release|Any CPU.Build.0 = Release|Any CPU
	EndGlobalSection
	GlobalSection(SolutionProperties) = preSolution
		HideSolutionNode = FALSE
	EndGlobalSection
	GlobalSection(NestedProjects) = preSolution
		{ED1CBBD9-68A5-4CE7-AF9A-BAB853CBBA45} = {AEF2D54F-2F34-43E3-A389-19603ED8741A}
		{90418D5A-30AC-4E6D-BF90-C21364DDA263} = {ED1CBBD9-68A5-4CE7-AF9A-BAB853CBBA45}
		{CF15D23A-849B-4151-94C3-677BA1AD3179} = {8C046D2E-3449-4620-A292-701380C91329}
	EndGlobalSection
EndGlobal
