
Microsoft Visual Studio Solution File, Format Version 12.00
# Visual Studio Version 17
VisualStudioVersion = 17.0.31903.59
MinimumVisualStudioVersion = 10.0.40219.1
Project("{2150E333-8FDC-42A3-9474-1A3956D46DE8}") = "Services", "Services", "{AEF2D54F-2F34-43E3-A389-19603ED8741A}"
EndProject
Project("{2150E333-8FDC-42A3-9474-1A3956D46DE8}") = "Catalog", "Catalog", "{ED1CBBD9-68A5-4CE7-AF9A-BAB853CBBA45}"
EndProject
Project("{FAE04EC0-301F-11D3-BF4B-00C04F79EFBC}") = "Catalog.API", "Services\Catalog\Catalog.API.csproj", "{90418D5A-30AC-4E6D-BF90-C21364DDA263}"
EndProject
Project("{2150E333-8FDC-42A3-9474-1A3956D46DE8}") = "BuildingBlocks", "BuildingBlocks", "{8C046D2E-3449-4620-A292-701380C91329}"
EndProject
Project("{FAE04EC0-301F-11D3-BF4B-00C04F79EFBC}") = "BuildingBlocks", "BuildingBlocks\BuildingBlocks.csproj", "{CF15D23A-849B-4151-94C3-677BA1AD3179}"
EndProject
Project("{2150E333-8FDC-42A3-9474-1A3956D46DE8}") = "Solution Items", "Solution Items", "{D559581D-8D37-41F4-A0F8-4026AB379E19}"
EndProject
Project("{E53339B2-1760-4266-BCC7-CA923CBCF16C}") = "docker-compose", "docker-compose.dcproj", "{C1BC8712-C43D-4AE4-9E3E-D16480A87339}"
EndProject
Project("{2150E333-8FDC-42A3-9474-1A3956D46DE8}") = "Basket", "Basket", "{489225DC-FC7C-4BC9-A768-703795F22D74}"
EndProject
Project("{FAE04EC0-301F-11D3-BF4B-00C04F79EFBC}") = "Basket.API", "Services\Basket\Basket.API\Basket.API.csproj", "{BD17B691-39FD-4888-BE00-6E4159AD3936}"
EndProject
Project("{2150E333-8FDC-42A3-9474-1A3956D46DE8}") = "Discount", "Discount", "{75341454-EDCE-4BB6-8CB3-ECFF3BFB9985}"
EndProject
Project("{FAE04EC0-301F-11D3-BF4B-00C04F79EFBC}") = "Discount.Grpc", "Services\Discount\Discount.Grpc\Discount.Grpc.csproj", "{AAB02D8C-651D-4680-815E-A2E44BAB9671}"
EndProject
Project("{2150E333-8FDC-42A3-9474-1A3956D46DE8}") = "Ordering", "Ordering", "{407B49FA-3474-4274-93E7-94C78B6916E0}"
EndProject
Project("{FAE04EC0-301F-11D3-BF4B-00C04F79EFBC}") = "Ordering.API", "Services\Ordering\Ordering.API\Ordering.API.csproj", "{E8A0A4AF-60B1-4586-912D-3D451978B15B}"
EndProject
Project("{FAE04EC0-301F-11D3-BF4B-00C04F79EFBC}") = "Ordering.Domain", "Services\Ordering\Ordering.Domain\Ordering.Domain.csproj", "{081BBC55-DB76-43F7-AE4C-5390C818F695}"
EndProject
Project("{FAE04EC0-301F-11D3-BF4B-00C04F79EFBC}") = "Ordering.Application", "Services\Ordering\Ordering.Application\Ordering.Application.csproj", "{B4CE33C7-F7D6-47AF-BF81-FEBAA0AEA53A}"
EndProject
Project("{FAE04EC0-301F-11D3-BF4B-00C04F79EFBC}") = "Ordering.Infrastructure", "Services\Ordering\Ordering.Infrastructure\Ordering.Infrastructure.csproj", "{397A2DD1-5A31-498B-8EBA-46F10070B57E}"
EndProject
Global
	GlobalSection(SolutionConfigurationPlatforms) = preSolution
		Debug|Any CPU = Debug|Any CPU
		Release|Any CPU = Release|Any CPU
	EndGlobalSection
	GlobalSection(ProjectConfigurationPlatforms) = postSolution
		{90418D5A-30AC-4E6D-BF90-C21364DDA263}.Debug|Any CPU.ActiveCfg = Debug|Any CPU
		{90418D5A-30AC-4E6D-BF90-C21364DDA263}.Debug|Any CPU.Build.0 = Debug|Any CPU
		{90418D5A-30AC-4E6D-BF90-C21364DDA263}.Release|Any CPU.ActiveCfg = Release|Any CPU
		{90418D5A-30AC-4E6D-BF90-C21364DDA263}.Release|Any CPU.Build.0 = Release|Any CPU
		{CF15D23A-849B-4151-94C3-677BA1AD3179}.Debug|Any CPU.ActiveCfg = Debug|Any CPU
		{CF15D23A-849B-4151-94C3-677BA1AD3179}.Debug|Any CPU.Build.0 = Debug|Any CPU
		{CF15D23A-849B-4151-94C3-677BA1AD3179}.Release|Any CPU.ActiveCfg = Release|Any CPU
		{CF15D23A-849B-4151-94C3-677BA1AD3179}.Release|Any CPU.Build.0 = Release|Any CPU
		{C1BC8712-C43D-4AE4-9E3E-D16480A87339}.Debug|Any CPU.ActiveCfg = Debug|Any CPU
		{C1BC8712-C43D-4AE4-9E3E-D16480A87339}.Debug|Any CPU.Build.0 = Debug|Any CPU
		{C1BC8712-C43D-4AE4-9E3E-D16480A87339}.Release|Any CPU.ActiveCfg = Release|Any CPU
		{C1BC8712-C43D-4AE4-9E3E-D16480A87339}.Release|Any CPU.Build.0 = Release|Any CPU
		{BD17B691-39FD-4888-BE00-6E4159AD3936}.Debug|Any CPU.ActiveCfg = Debug|Any CPU
		{BD17B691-39FD-4888-BE00-6E4159AD3936}.Debug|Any CPU.Build.0 = Debug|Any CPU
		{BD17B691-39FD-4888-BE00-6E4159AD3936}.Release|Any CPU.ActiveCfg = Release|Any CPU
		{BD17B691-39FD-4888-BE00-6E4159AD3936}.Release|Any CPU.Build.0 = Release|Any CPU
		{AAB02D8C-651D-4680-815E-A2E44BAB9671}.Debug|Any CPU.ActiveCfg = Debug|Any CPU
		{AAB02D8C-651D-4680-815E-A2E44BAB9671}.Debug|Any CPU.Build.0 = Debug|Any CPU
		{AAB02D8C-651D-4680-815E-A2E44BAB9671}.Release|Any CPU.ActiveCfg = Release|Any CPU
		{AAB02D8C-651D-4680-815E-A2E44BAB9671}.Release|Any CPU.Build.0 = Release|Any CPU
		{E8A0A4AF-60B1-4586-912D-3D451978B15B}.Debug|Any CPU.ActiveCfg = Debug|Any CPU
		{E8A0A4AF-60B1-4586-912D-3D451978B15B}.Debug|Any CPU.Build.0 = Debug|Any CPU
		{E8A0A4AF-60B1-4586-912D-3D451978B15B}.Release|Any CPU.ActiveCfg = Release|Any CPU
		{E8A0A4AF-60B1-4586-912D-3D451978B15B}.Release|Any CPU.Build.0 = Release|Any CPU
		{081BBC55-DB76-43F7-AE4C-5390C818F695}.Debug|Any CPU.ActiveCfg = Debug|Any CPU
		{081BBC55-DB76-43F7-AE4C-5390C818F695}.Debug|Any CPU.Build.0 = Debug|Any CPU
		{081BBC55-DB76-43F7-AE4C-5390C818F695}.Release|Any CPU.ActiveCfg = Release|Any CPU
		{081BBC55-DB76-43F7-AE4C-5390C818F695}.Release|Any CPU.Build.0 = Release|Any CPU
		{B4CE33C7-F7D6-47AF-BF81-FEBAA0AEA53A}.Debug|Any CPU.ActiveCfg = Debug|Any CPU
		{B4CE33C7-F7D6-47AF-BF81-FEBAA0AEA53A}.Debug|Any CPU.Build.0 = Debug|Any CPU
		{B4CE33C7-F7D6-47AF-BF81-FEBAA0AEA53A}.Release|Any CPU.ActiveCfg = Release|Any CPU
		{B4CE33C7-F7D6-47AF-BF81-FEBAA0AEA53A}.Release|Any CPU.Build.0 = Release|Any CPU
		{397A2DD1-5A31-498B-8EBA-46F10070B57E}.Debug|Any CPU.ActiveCfg = Debug|Any CPU
		{397A2DD1-5A31-498B-8EBA-46F10070B57E}.Debug|Any CPU.Build.0 = Debug|Any CPU
		{397A2DD1-5A31-498B-8EBA-46F10070B57E}.Release|Any CPU.ActiveCfg = Release|Any CPU
		{397A2DD1-5A31-498B-8EBA-46F10070B57E}.Release|Any CPU.Build.0 = Release|Any CPU
	EndGlobalSection
	GlobalSection(SolutionProperties) = preSolution
		HideSolutionNode = FALSE
	EndGlobalSection
	GlobalSection(NestedProjects) = preSolution
		{ED1CBBD9-68A5-4CE7-AF9A-BAB853CBBA45} = {AEF2D54F-2F34-43E3-A389-19603ED8741A}
		{90418D5A-30AC-4E6D-BF90-C21364DDA263} = {ED1CBBD9-68A5-4CE7-AF9A-BAB853CBBA45}
		{CF15D23A-849B-4151-94C3-677BA1AD3179} = {8C046D2E-3449-4620-A292-701380C91329}
		{489225DC-FC7C-4BC9-A768-703795F22D74} = {AEF2D54F-2F34-43E3-A389-19603ED8741A}
		{BD17B691-39FD-4888-BE00-6E4159AD3936} = {489225DC-FC7C-4BC9-A768-703795F22D74}
		{75341454-EDCE-4BB6-8CB3-ECFF3BFB9985} = {AEF2D54F-2F34-43E3-A389-19603ED8741A}
		{AAB02D8C-651D-4680-815E-A2E44BAB9671} = {75341454-EDCE-4BB6-8CB3-ECFF3BFB9985}
		{407B49FA-3474-4274-93E7-94C78B6916E0} = {AEF2D54F-2F34-43E3-A389-19603ED8741A}
		{E8A0A4AF-60B1-4586-912D-3D451978B15B} = {407B49FA-3474-4274-93E7-94C78B6916E0}
		{081BBC55-DB76-43F7-AE4C-5390C818F695} = {407B49FA-3474-4274-93E7-94C78B6916E0}
		{B4CE33C7-F7D6-47AF-BF81-FEBAA0AEA53A} = {407B49FA-3474-4274-93E7-94C78B6916E0}
		{397A2DD1-5A31-498B-8EBA-46F10070B57E} = {407B49FA-3474-4274-93E7-94C78B6916E0}
	EndGlobalSection
EndGlobal
